
Microsoft Visual Studio Solution File, Format Version 12.00
# Visual Studio Version 17
VisualStudioVersion = 17.5.33502.453
MinimumVisualStudioVersion = 10.0.40219.1
Project("{FAE04EC0-301F-11D3-BF4B-00C04F79EFBC}") = "HamroCommunity", "HamroCommunity\HamroCommunity.csproj", "{3411C419-38EA-4054-87B5-80D368929C0C}"
EndProject
Project("{FAE04EC0-301F-11D3-BF4B-00C04F79EFBC}") = "Project.BLL", "Project.BLL\Project.BLL.csproj", "{FF24B2D2-F058-4B4C-B6DB-BD9A2EEAD2D0}"
EndProject
Project("{FAE04EC0-301F-11D3-BF4B-00C04F79EFBC}") = "Project.DLL", "Project.DLL\Project.DLL.csproj", "{DA77449A-F6EE-446D-B18B-0668D25081EC}"
EndProject
Project("{FAE04EC0-301F-11D3-BF4B-00C04F79EFBC}") = "Project.TEST", "Project.TEST\Project.TEST.csproj", "{4C9E1537-B198-4BBA-B02C-38CAF189E281}"
EndProject
Global
	GlobalSection(SolutionConfigurationPlatforms) = preSolution
		Debug|Any CPU = Debug|Any CPU
		Release|Any CPU = Release|Any CPU
	EndGlobalSection
	GlobalSection(ProjectConfigurationPlatforms) = postSolution
		{3411C419-38EA-4054-87B5-80D368929C0C}.Debug|Any CPU.ActiveCfg = Debug|Any CPU
		{3411C419-38EA-4054-87B5-80D368929C0C}.Debug|Any CPU.Build.0 = Debug|Any CPU
		{3411C419-38EA-4054-87B5-80D368929C0C}.Release|Any CPU.ActiveCfg = Release|Any CPU
		{3411C419-38EA-4054-87B5-80D368929C0C}.Release|Any CPU.Build.0 = Release|Any CPU
		{FF24B2D2-F058-4B4C-B6DB-BD9A2EEAD2D0}.Debug|Any CPU.ActiveCfg = Debug|Any CPU
		{FF24B2D2-F058-4B4C-B6DB-BD9A2EEAD2D0}.Debug|Any CPU.Build.0 = Debug|Any CPU
		{FF24B2D2-F058-4B4C-B6DB-BD9A2EEAD2D0}.Release|Any CPU.ActiveCfg = Release|Any CPU
		{FF24B2D2-F058-4B4C-B6DB-BD9A2EEAD2D0}.Release|Any CPU.Build.0 = Release|Any CPU
		{DA77449A-F6EE-446D-B18B-0668D25081EC}.Debug|Any CPU.ActiveCfg = Debug|Any CPU
		{DA77449A-F6EE-446D-B18B-0668D25081EC}.Debug|Any CPU.Build.0 = Debug|Any CPU
		{DA77449A-F6EE-446D-B18B-0668D25081EC}.Release|Any CPU.ActiveCfg = Release|Any CPU
		{DA77449A-F6EE-446D-B18B-0668D25081EC}.Release|Any CPU.Build.0 = Release|Any CPU
		{4C9E1537-B198-4BBA-B02C-38CAF189E281}.Debug|Any CPU.ActiveCfg = Debug|Any CPU
		{4C9E1537-B198-4BBA-B02C-38CAF189E281}.Debug|Any CPU.Build.0 = Debug|Any CPU
		{4C9E1537-B198-4BBA-B02C-38CAF189E281}.Release|Any CPU.ActiveCfg = Release|Any CPU
		{4C9E1537-B198-4BBA-B02C-38CAF189E281}.Release|Any CPU.Build.0 = Release|Any CPU
	EndGlobalSection
	GlobalSection(SolutionProperties) = preSolution
		HideSolutionNode = FALSE
	EndGlobalSection
	GlobalSection(ExtensibilityGlobals) = postSolution
		SolutionGuid = {230B6CFD-A4CD-47FB-95F9-16C79718AD0A}
	EndGlobalSection
EndGlobal
